
Microsoft Visual Studio Solution File, Format Version 12.00
# Visual Studio 15
VisualStudioVersion = 15.0.27428.2037
MinimumVisualStudioVersion = 10.0.40219.1
Project("{FAE04EC0-301F-11D3-BF4B-00C04F79EFBC}") = "WireFrame.Shell", "WireFrame.Shell\WireFrame.Shell.csproj", "{81FFF5E0-4173-4310-A617-FF14D6600A7D}"
EndProject
Global
	GlobalSection(SolutionConfigurationPlatforms) = preSolution
		Debug|Any CPU = Debug|Any CPU
		Release|Any CPU = Release|Any CPU
	EndGlobalSection
	GlobalSection(ProjectConfigurationPlatforms) = postSolution
		{81FFF5E0-4173-4310-A617-FF14D6600A7D}.Debug|Any CPU.ActiveCfg = Debug|Any CPU
		{81FFF5E0-4173-4310-A617-FF14D6600A7D}.Debug|Any CPU.Build.0 = Debug|Any CPU
		{81FFF5E0-4173-4310-A617-FF14D6600A7D}.Release|Any CPU.ActiveCfg = Release|Any CPU
		{81FFF5E0-4173-4310-A617-FF14D6600A7D}.Release|Any CPU.Build.0 = Release|Any CPU
	EndGlobalSection
	GlobalSection(SolutionProperties) = preSolution
		HideSolutionNode = FALSE
	EndGlobalSection
	GlobalSection(ExtensibilityGlobals) = postSolution
		SolutionGuid = {6737ABB2-F5BD-4FBD-A2F3-60CB85F88009}
	EndGlobalSection
EndGlobal
